// !$*UTF8*$!
{
	archiveVersion = 1;
	classes = {
	};
	objectVersion = 48;
	objects = {

/* Begin PBXBuildFile section */
		3422482A1F7BFD8B00DF5D31 /* AppDelegate.swift in Sources */ = {isa = PBXBuildFile; fileRef = 342248291F7BFD8B00DF5D31 /* AppDelegate.swift */; };
		3422482C1F7BFD8B00DF5D31 /* ChecklistViewController.swift in Sources */ = {isa = PBXBuildFile; fileRef = 3422482B1F7BFD8B00DF5D31 /* ChecklistViewController.swift */; };
		3422482F1F7BFD8B00DF5D31 /* Main.storyboard in Resources */ = {isa = PBXBuildFile; fileRef = 3422482D1F7BFD8B00DF5D31 /* Main.storyboard */; };
		342248311F7BFD8B00DF5D31 /* Assets.xcassets in Resources */ = {isa = PBXBuildFile; fileRef = 342248301F7BFD8B00DF5D31 /* Assets.xcassets */; };
		342248341F7BFD8B00DF5D31 /* LaunchScreen.storyboard in Resources */ = {isa = PBXBuildFile; fileRef = 342248321F7BFD8B00DF5D31 /* LaunchScreen.storyboard */; };
		34F65BBF203495BD000A3726 /* ChecklistItem.swift in Sources */ = {isa = PBXBuildFile; fileRef = 34F65BBE203495BD000A3726 /* ChecklistItem.swift */; };
/* End PBXBuildFile section */

/* Begin PBXFileReference section */
		342248261F7BFD8B00DF5D31 /* ChecklistsUpdated.app */ = {isa = PBXFileReference; explicitFileType = wrapper.application; includeInIndex = 0; path = ChecklistsUpdated.app; sourceTree = BUILT_PRODUCTS_DIR; };
		342248291F7BFD8B00DF5D31 /* AppDelegate.swift */ = {isa = PBXFileReference; lastKnownFileType = sourcecode.swift; path = AppDelegate.swift; sourceTree = "<group>"; };
		3422482B1F7BFD8B00DF5D31 /* ChecklistViewController.swift */ = {isa = PBXFileReference; lastKnownFileType = sourcecode.swift; path = ChecklistViewController.swift; sourceTree = "<group>"; };
		3422482E1F7BFD8B00DF5D31 /* Base */ = {isa = PBXFileReference; lastKnownFileType = file.storyboard; name = Base; path = Base.lproj/Main.storyboard; sourceTree = "<group>"; };
		342248301F7BFD8B00DF5D31 /* Assets.xcassets */ = {isa = PBXFileReference; lastKnownFileType = folder.assetcatalog; path = Assets.xcassets; sourceTree = "<group>"; };
		342248331F7BFD8B00DF5D31 /* Base */ = {isa = PBXFileReference; lastKnownFileType = file.storyboard; name = Base; path = Base.lproj/LaunchScreen.storyboard; sourceTree = "<group>"; };
		342248351F7BFD8B00DF5D31 /* Info.plist */ = {isa = PBXFileReference; lastKnownFileType = text.plist.xml; path = Info.plist; sourceTree = "<group>"; };
		34F65BBE203495BD000A3726 /* ChecklistItem.swift */ = {isa = PBXFileReference; lastKnownFileType = sourcecode.swift; path = ChecklistItem.swift; sourceTree = "<group>"; };
/* End PBXFileReference section */

/* Begin PBXFrameworksBuildPhase section */
		342248231F7BFD8B00DF5D31 /* Frameworks */ = {
			isa = PBXFrameworksBuildPhase;
			buildActionMask = 2147483647;
			files = (
			);
			runOnlyForDeploymentPostprocessing = 0;
		};
/* End PBXFrameworksBuildPhase section */

/* Begin PBXGroup section */
		3422481D1F7BFD8B00DF5D31 = {
			isa = PBXGroup;
			children = (
				342248281F7BFD8B00DF5D31 /* ChecklistsUpdated */,
				342248271F7BFD8B00DF5D31 /* Products */,
			);
			sourceTree = "<group>";
		};
		342248271F7BFD8B00DF5D31 /* Products */ = {
			isa = PBXGroup;
			children = (
				342248261F7BFD8B00DF5D31 /* ChecklistsUpdated.app */,
			);
			name = Products;
			sourceTree = "<group>";
		};
		342248281F7BFD8B00DF5D31 /* ChecklistsUpdated */ = {
			isa = PBXGroup;
			children = (
				342248291F7BFD8B00DF5D31 /* AppDelegate.swift */,
				3422482B1F7BFD8B00DF5D31 /* ChecklistViewController.swift */,
				3422482D1F7BFD8B00DF5D31 /* Main.storyboard */,
				342248301F7BFD8B00DF5D31 /* Assets.xcassets */,
				342248321F7BFD8B00DF5D31 /* LaunchScreen.storyboard */,
				342248351F7BFD8B00DF5D31 /* Info.plist */,
				34F65BBE203495BD000A3726 /* ChecklistItem.swift */,
			);
			path = ChecklistsUpdated;
			sourceTree = "<group>";
		};
/* End PBXGroup section */

/* Begin PBXNativeTarget section */
		342248251F7BFD8B00DF5D31 /* ChecklistsUpdated */ = {
			isa = PBXNativeTarget;
			buildConfigurationList = 342248381F7BFD8B00DF5D31 /* Build configuration list for PBXNativeTarget "ChecklistsUpdated" */;
			buildPhases = (
				342248221F7BFD8B00DF5D31 /* Sources */,
				342248231F7BFD8B00DF5D31 /* Frameworks */,
				342248241F7BFD8B00DF5D31 /* Resources */,
			);
			buildRules = (
			);
			dependencies = (
			);
			name = ChecklistsUpdated;
			productName = ChecklistsUpdated;
			productReference = 342248261F7BFD8B00DF5D31 /* ChecklistsUpdated.app */;
			productType = "com.apple.product-type.application";
		};
/* End PBXNativeTarget section */

/* Begin PBXProject section */
		3422481E1F7BFD8B00DF5D31 /* Project object */ = {
			isa = PBXProject;
			attributes = {
				LastSwiftUpdateCheck = 0900;
				LastUpgradeCheck = 0900;
				ORGANIZATIONNAME = "Jay Henry";
				TargetAttributes = {
					342248251F7BFD8B00DF5D31 = {
						CreatedOnToolsVersion = 9.0;
						ProvisioningStyle = Automatic;
					};
				};
			};
			buildConfigurationList = 342248211F7BFD8B00DF5D31 /* Build configuration list for PBXProject "ChecklistsUpdated" */;
			compatibilityVersion = "Xcode 8.0";
			developmentRegion = en;
			hasScannedForEncodings = 0;
			knownRegions = (
				en,
				Base,
			);
			mainGroup = 3422481D1F7BFD8B00DF5D31;
			productRefGroup = 342248271F7BFD8B00DF5D31 /* Products */;
			projectDirPath = "";
			projectRoot = "";
			targets = (
				342248251F7BFD8B00DF5D31 /* ChecklistsUpdated */,
			);
		};
/* End PBXProject section */

/* Begin PBXResourcesBuildPhase section */
		342248241F7BFD8B00DF5D31 /* Resources */ = {
			isa = PBXResourcesBuildPhase;
			buildActionMask = 2147483647;
			files = (
				342248341F7BFD8B00DF5D31 /* LaunchScreen.storyboard in Resources */,
				342248311F7BFD8B00DF5D31 /* Assets.xcassets in Resources */,
				3422482F1F7BFD8B00DF5D31 /* Main.storyboard in Resources */,
			);
			runOnlyForDeploymentPostprocessing = 0;
		};
/* End PBXResourcesBuildPhase section */

/* Begin PBXSourcesBuildPhase section */
		342248221F7BFD8B00DF5D31 /* Sources */ = {
			isa = PBXSourcesBuildPhase;
			buildActionMask = 2147483647;
			files = (
				3422482C1F7BFD8B00DF5D31 /* ChecklistViewController.swift in Sources */,
				34F65BBF203495BD000A3726 /* ChecklistItem.swift in Sources */,
				3422482A1F7BFD8B00DF5D31 /* AppDelegate.swift in Sources */,
			);
			runOnlyForDeploymentPostprocessing = 0;
		};
/* End PBXSourcesBuildPhase section */

/* Begin PBXVariantGroup section */
		3422482D1F7BFD8B00DF5D31 /* Main.storyboard */ = {
			isa = PBXVariantGroup;
			children = (
				3422482E1F7BFD8B00DF5D31 /* Base */,
			);
			name = Main.storyboard;
			sourceTree = "<group>";
		};
		342248321F7BFD8B00DF5D31 /* LaunchScreen.storyboard */ = {
			isa = PBXVariantGroup;
			children = (
				342248331F7BFD8B00DF5D31 /* Base */,
			);
			name = LaunchScreen.storyboard;
			sourceTree = "<group>";
		};
/* End PBXVariantGroup section */

/* Begin XCBuildConfiguration section */
		342248361F7BFD8B00DF5D31 /* Debug */ = {
			isa = XCBuildConfiguration;
			buildSettings = {
				ALWAYS_SEARCH_USER_PATHS = NO;
				CLANG_ANALYZER_NONNULL = YES;
				CLANG_ANALYZER_NUMBER_OBJECT_CONVERSION = YES_AGGRESSIVE;
				CLANG_CXX_LANGUAGE_STANDARD = "gnu++14";
				CLANG_CXX_LIBRARY = "libc++";
				CLANG_ENABLE_MODULES = YES;
				CLANG_ENABLE_OBJC_ARC = YES;
				CLANG_WARN_BLOCK_CAPTURE_AUTORELEASING = YES;
				CLANG_WARN_BOOL_CONVERSION = YES;
				CLANG_WARN_COMMA = YES;
				CLANG_WARN_CONSTANT_CONVERSION = YES;
				CLANG_WARN_DIRECT_OBJC_ISA_USAGE = YES_ERROR;
				CLANG_WARN_DOCUMENTATION_COMMENTS = YES;
				CLANG_WARN_EMPTY_BODY = YES;
				CLANG_WARN_ENUM_CONVERSION = YES;
				CLANG_WARN_INFINITE_RECURSION = YES;
				CLANG_WARN_INT_CONVERSION = YES;
				CLANG_WARN_NON_LITERAL_NULL_CONVERSION = YES;
				CLANG_WARN_OBJC_LITERAL_CONVERSION = YES;
				CLANG_WARN_OBJC_ROOT_CLASS = YES_ERROR;
				CLANG_WARN_RANGE_LOOP_ANALYSIS = YES;
				CLANG_WARN_STRICT_PROTOTYPES = YES;
				CLANG_WARN_SUSPICIOUS_MOVE = YES;
				CLANG_WARN_UNGUARDED_AVAILABILITY = YES_AGGRESSIVE;
				CLANG_WARN_UNREACHABLE_CODE = YES;
				CLANG_WARN__DUPLICATE_METHOD_MATCH = YES;
				CODE_SIGN_IDENTITY = "iPhone Developer";
				COPY_PHASE_STRIP = NO;
				DEBUG_INFORMATION_FORMAT = dwarf;
				ENABLE_STRICT_OBJC_MSGSEND = YES;
				ENABLE_TESTABILITY = YES;
				GCC_C_LANGUAGE_STANDARD = gnu11;
				GCC_DYNAMIC_NO_PIC = NO;
				GCC_NO_COMMON_BLOCKS = YES;
				GCC_OPTIMIZATION_LEVEL = 0;
				GCC_PREPROCESSOR_DEFINITIONS = (
					"DEBUG=1",
					"$(inherited)",
				);
				GCC_WARN_64_TO_32_BIT_CONVERSION = YES;
				GCC_WARN_ABOUT_RETURN_TYPE = YES_ERROR;
				GCC_WARN_UNDECLARED_SELECTOR = YES;
				GCC_WARN_UNINITIALIZED_AUTOS = YES_AGGRESSIVE;
				GCC_WARN_UNUSED_FUNCTION = YES;
				GCC_WARN_UNUSED_VARIABLE = YES;
				IPHONEOS_DEPLOYMENT_TARGET = 11.0;
				MTL_ENABLE_DEBUG_INFO = YES;
				ONLY_ACTIVE_ARCH = YES;
				SDKROOT = iphoneos;
				SWIFT_ACTIVE_COMPILATION_CONDITIONS = DEBUG;
				SWIFT_OPTIMIZATION_LEVEL = "-Onone";
			};
			name = Debug;
		};
		342248371F7BFD8B00DF5D31 /* Release */ = {
			isa = XCBuildConfiguration;
			buildSettings = {
				ALWAYS_SEARCH_USER_PATHS = NO;
				CLANG_ANALYZER_NONNULL = YES;
				CLANG_ANALYZER_NUMBER_OBJECT_CONVERSION = YES_AGGRESSIVE;
				CLANG_CXX_LANGUAGE_STANDARD = "gnu++14";
				CLANG_CXX_LIBRARY = "libc++";
				CLANG_ENABLE_MODULES = YES;
				CLANG_ENABLE_OBJC_ARC = YES;
				CLANG_WARN_BLOCK_CAPTURE_AUTORELEASING = YES;
				CLANG_WARN_BOOL_CONVERSION = YES;
				CLANG_WARN_COMMA = YES;
				CLANG_WARN_CONSTANT_CONVERSION = YES;
				CLANG_WARN_DIRECT_OBJC_ISA_USAGE = YES_ERROR;
				CLANG_WARN_DOCUMENTATION_COMMENTS = YES;
				CLANG_WARN_EMPTY_BODY = YES;
				CLANG_WARN_ENUM_CONVERSION = YES;
				CLANG_WARN_INFINITE_RECURSION = YES;
				CLANG_WARN_INT_CONVERSION = YES;
				CLANG_WARN_NON_LITERAL_NULL_CONVERSION = YES;
				CLANG_WARN_OBJC_LITERAL_CONVERSION = YES;
				CLANG_WARN_OBJC_ROOT_CLASS = YES_ERROR;
				CLANG_WARN_RANGE_LOOP_ANALYSIS = YES;
				CLANG_WARN_STRICT_PROTOTYPES = YES;
				CLANG_WARN_SUSPICIOUS_MOVE = YES;
				CLANG_WARN_UNGUARDED_AVAILABILITY = YES_AGGRESSIVE;
				CLANG_WARN_UNREACHABLE_CODE = YES;
				CLANG_WARN__DUPLICATE_METHOD_MATCH = YES;
				CODE_SIGN_IDENTITY = "iPhone Developer";
				COPY_PHASE_STRIP = NO;
				DEBUG_INFORMATION_FORMAT = "dwarf-with-dsym";
				ENABLE_NS_ASSERTIONS = NO;
				ENABLE_STRICT_OBJC_MSGSEND = YES;
				GCC_C_LANGUAGE_STANDARD = gnu11;
				GCC_NO_COMMON_BLOCKS = YES;
				GCC_WARN_64_TO_32_BIT_CONVERSION = YES;
				GCC_WARN_ABOUT_RETURN_TYPE = YES_ERROR;
				GCC_WARN_UNDECLARED_SELECTOR = YES;
				GCC_WARN_UNINITIALIZED_AUTOS = YES_AGGRESSIVE;
				GCC_WARN_UNUSED_FUNCTION = YES;
				GCC_WARN_UNUSED_VARIABLE = YES;
				IPHONEOS_DEPLOYMENT_TARGET = 11.0;
				MTL_ENABLE_DEBUG_INFO = NO;
				SDKROOT = iphoneos;
				SWIFT_OPTIMIZATION_LEVEL = "-Owholemodule";
				VALIDATE_PRODUCT = YES;
			};
			name = Release;
		};
		342248391F7BFD8B00DF5D31 /* Debug */ = {
			isa = XCBuildConfiguration;
			buildSettings = {
				ASSETCATALOG_COMPILER_APPICON_NAME = AppIcon;
				CODE_SIGN_STYLE = Automatic;
				DEVELOPMENT_TEAM = EW3JRGK8VJ;
				INFOPLIST_FILE = ChecklistsUpdated/Info.plist;
				LD_RUNPATH_SEARCH_PATHS = "$(inherited) @executable_path/Frameworks";
				PRODUCT_BUNDLE_IDENTIFIER = com.jamhangry.ChecklistsUpdated;
				PRODUCT_NAME = "$(TARGET_NAME)";
				SWIFT_VERSION = 4.0;
				TARGETED_DEVICE_FAMILY = "1,2";
			};
			name = Debug;
		};
		3422483A1F7BFD8B00DF5D31 /* Release */ = {
			isa = XCBuildConfiguration;
			buildSettings = {
				ASSETCATALOG_COMPILER_APPICON_NAME = AppIcon;
				CODE_SIGN_STYLE = Automatic;
				DEVELOPMENT_TEAM = EW3JRGK8VJ;
				INFOPLIST_FILE = ChecklistsUpdated/Info.plist;
				LD_RUNPATH_SEARCH_PATHS = "$(inherited) @executable_path/Frameworks";
				PRODUCT_BUNDLE_IDENTIFIER = com.jamhangry.ChecklistsUpdated;
				PRODUCT_NAME = "$(TARGET_NAME)";
				SWIFT_VERSION = 4.0;
				TARGETED_DEVICE_FAMILY = "1,2";
			};
			name = Release;
		};
/* End XCBuildConfiguration section */

/* Begin XCConfigurationList section */
		342248211F7BFD8B00DF5D31 /* Build configuration list for PBXProject "ChecklistsUpdated" */ = {
			isa = XCConfigurationList;
			buildConfigurations = (
				342248361F7BFD8B00DF5D31 /* Debug */,
				342248371F7BFD8B00DF5D31 /* Release */,
			);
			defaultConfigurationIsVisible = 0;
			defaultConfigurationName = Release;
		};
		342248381F7BFD8B00DF5D31 /* Build configuration list for PBXNativeTarget "ChecklistsUpdated" */ = {
			isa = XCConfigurationList;
			buildConfigurations = (
				342248391F7BFD8B00DF5D31 /* Debug */,
				3422483A1F7BFD8B00DF5D31 /* Release */,
			);
			defaultConfigurationIsVisible = 0;
			defaultConfigurationName = Release;
		};
/* End XCConfigurationList section */
	};
	rootObject = 3422481E1F7BFD8B00DF5D31 /* Project object */;
}
